
Microsoft Visual Studio Solution File, Format Version 12.00
# Visual Studio Version 17
VisualStudioVersion = 17.3.32811.315
MinimumVisualStudioVersion = 10.0.40219.1
Project("{FAE04EC0-301F-11D3-BF4B-00C04F79EFBC}") = "Loop", "Loop\Loop.csproj", "{ED5FD6C1-00D5-42C5-A292-94493F94B3DA}"
EndProject
Global
	GlobalSection(SolutionConfigurationPlatforms) = preSolution
		Debug|Any CPU = Debug|Any CPU
		Release|Any CPU = Release|Any CPU
	EndGlobalSection
	GlobalSection(ProjectConfigurationPlatforms) = postSolution
		{ED5FD6C1-00D5-42C5-A292-94493F94B3DA}.Debug|Any CPU.ActiveCfg = Debug|Any CPU
		{ED5FD6C1-00D5-42C5-A292-94493F94B3DA}.Debug|Any CPU.Build.0 = Debug|Any CPU
		{ED5FD6C1-00D5-42C5-A292-94493F94B3DA}.Release|Any CPU.ActiveCfg = Release|Any CPU
		{ED5FD6C1-00D5-42C5-A292-94493F94B3DA}.Release|Any CPU.Build.0 = Release|Any CPU
	EndGlobalSection
	GlobalSection(SolutionProperties) = preSolution
		HideSolutionNode = FALSE
	EndGlobalSection
	GlobalSection(ExtensibilityGlobals) = postSolution
		SolutionGuid = {5176EAB7-649E-481B-A7F6-E82F7616C0F1}
	EndGlobalSection
EndGlobal
